// !$*UTF8*$!
{
	archiveVersion = 1;
	classes = {
	};
	objectVersion = 56;
	objects = {

/* Begin PBXBuildFile section */
		BF77B23E2B98C04E0039B4F3 /* RoutineAppApp.swift in Sources */ = {isa = PBXBuildFile; fileRef = BF77B23D2B98C04E0039B4F3 /* RoutineAppApp.swift */; };
		BF77B2402B98C04E0039B4F3 /* RoutineView.swift in Sources */ = {isa = PBXBuildFile; fileRef = BF77B23F2B98C04E0039B4F3 /* RoutineView.swift */; };
		BF77B2422B98C04F0039B4F3 /* Assets.xcassets in Resources */ = {isa = PBXBuildFile; fileRef = BF77B2412B98C04F0039B4F3 /* Assets.xcassets */; };
		BF77B2452B98C04F0039B4F3 /* Preview Assets.xcassets in Resources */ = {isa = PBXBuildFile; fileRef = BF77B2442B98C04F0039B4F3 /* Preview Assets.xcassets */; };
		BF77B2502B98C2EE0039B4F3 /* AddRoutineView.swift in Sources */ = {isa = PBXBuildFile; fileRef = BF77B24F2B98C2EE0039B4F3 /* AddRoutineView.swift */; };
		BF77B2522B98C32E0039B4F3 /* StatsView.swift in Sources */ = {isa = PBXBuildFile; fileRef = BF77B2512B98C32E0039B4F3 /* StatsView.swift */; };
		BF77B2542B98C3450039B4F3 /* SettingsView.swift in Sources */ = {isa = PBXBuildFile; fileRef = BF77B2532B98C3450039B4F3 /* SettingsView.swift */; };
		BF77B2562B98C3610039B4F3 /* Routines.swift in Sources */ = {isa = PBXBuildFile; fileRef = BF77B2552B98C3610039B4F3 /* Routines.swift */; };
		BF77B2582B98C3800039B4F3 /* RoutinesViewModel.swift in Sources */ = {isa = PBXBuildFile; fileRef = BF77B2572B98C3800039B4F3 /* RoutinesViewModel.swift */; };
/* End PBXBuildFile section */

/* Begin PBXFileReference section */
		BF77B23A2B98C04E0039B4F3 /* RoutineApp.app */ = {isa = PBXFileReference; explicitFileType = wrapper.application; includeInIndex = 0; path = RoutineApp.app; sourceTree = BUILT_PRODUCTS_DIR; };
		BF77B23D2B98C04E0039B4F3 /* RoutineAppApp.swift */ = {isa = PBXFileReference; lastKnownFileType = sourcecode.swift; path = RoutineAppApp.swift; sourceTree = "<group>"; };
		BF77B23F2B98C04E0039B4F3 /* RoutineView.swift */ = {isa = PBXFileReference; lastKnownFileType = sourcecode.swift; path = RoutineView.swift; sourceTree = "<group>"; };
		BF77B2412B98C04F0039B4F3 /* Assets.xcassets */ = {isa = PBXFileReference; lastKnownFileType = folder.assetcatalog; path = Assets.xcassets; sourceTree = "<group>"; };
		BF77B2442B98C04F0039B4F3 /* Preview Assets.xcassets */ = {isa = PBXFileReference; lastKnownFileType = folder.assetcatalog; path = "Preview Assets.xcassets"; sourceTree = "<group>"; };
		BF77B24F2B98C2EE0039B4F3 /* AddRoutineView.swift */ = {isa = PBXFileReference; lastKnownFileType = sourcecode.swift; path = AddRoutineView.swift; sourceTree = "<group>"; };
		BF77B2512B98C32E0039B4F3 /* StatsView.swift */ = {isa = PBXFileReference; lastKnownFileType = sourcecode.swift; path = StatsView.swift; sourceTree = "<group>"; };
		BF77B2532B98C3450039B4F3 /* SettingsView.swift */ = {isa = PBXFileReference; lastKnownFileType = sourcecode.swift; path = SettingsView.swift; sourceTree = "<group>"; };
		BF77B2552B98C3610039B4F3 /* Routines.swift */ = {isa = PBXFileReference; lastKnownFileType = sourcecode.swift; path = Routines.swift; sourceTree = "<group>"; };
		BF77B2572B98C3800039B4F3 /* RoutinesViewModel.swift */ = {isa = PBXFileReference; lastKnownFileType = sourcecode.swift; path = RoutinesViewModel.swift; sourceTree = "<group>"; };
/* End PBXFileReference section */

/* Begin PBXFrameworksBuildPhase section */
		BF77B2372B98C04E0039B4F3 /* Frameworks */ = {
			isa = PBXFrameworksBuildPhase;
			buildActionMask = 2147483647;
			files = (
			);
			runOnlyForDeploymentPostprocessing = 0;
		};
/* End PBXFrameworksBuildPhase section */

/* Begin PBXGroup section */
		BF77B2312B98C04E0039B4F3 = {
			isa = PBXGroup;
			children = (
				BF77B23C2B98C04E0039B4F3 /* RoutineApp */,
				BF77B23B2B98C04E0039B4F3 /* Products */,
			);
			sourceTree = "<group>";
		};
		BF77B23B2B98C04E0039B4F3 /* Products */ = {
			isa = PBXGroup;
			children = (
				BF77B23A2B98C04E0039B4F3 /* RoutineApp.app */,
			);
			name = Products;
			sourceTree = "<group>";
		};
		BF77B23C2B98C04E0039B4F3 /* RoutineApp */ = {
			isa = PBXGroup;
			children = (
				BF77B24C2B98C1EA0039B4F3 /* Models */,
				BF77B24D2B98C1FB0039B4F3 /* Views */,
				BF77B24E2B98C20F0039B4F3 /* ViewModels */,
				BF77B23D2B98C04E0039B4F3 /* RoutineAppApp.swift */,
				BF77B2412B98C04F0039B4F3 /* Assets.xcassets */,
				BF77B2432B98C04F0039B4F3 /* Preview Content */,
			);
			path = RoutineApp;
			sourceTree = "<group>";
		};
		BF77B2432B98C04F0039B4F3 /* Preview Content */ = {
			isa = PBXGroup;
			children = (
				BF77B2442B98C04F0039B4F3 /* Preview Assets.xcassets */,
			);
			path = "Preview Content";
			sourceTree = "<group>";
		};
		BF77B24C2B98C1EA0039B4F3 /* Models */ = {
			isa = PBXGroup;
			children = (
				BF77B2552B98C3610039B4F3 /* Routines.swift */,
			);
			path = Models;
			sourceTree = "<group>";
		};
		BF77B24D2B98C1FB0039B4F3 /* Views */ = {
			isa = PBXGroup;
			children = (
				BF77B23F2B98C04E0039B4F3 /* RoutineView.swift */,
				BF77B24F2B98C2EE0039B4F3 /* AddRoutineView.swift */,
				BF77B2512B98C32E0039B4F3 /* StatsView.swift */,
				BF77B2532B98C3450039B4F3 /* SettingsView.swift */,
			);
			path = Views;
			sourceTree = "<group>";
		};
		BF77B24E2B98C20F0039B4F3 /* ViewModels */ = {
			isa = PBXGroup;
			children = (
				BF77B2572B98C3800039B4F3 /* RoutinesViewModel.swift */,
			);
			path = ViewModels;
			sourceTree = "<group>";
		};
/* End PBXGroup section */

/* Begin PBXNativeTarget section */
		BF77B2392B98C04E0039B4F3 /* RoutineApp */ = {
			isa = PBXNativeTarget;
			buildConfigurationList = BF77B2482B98C04F0039B4F3 /* Build configuration list for PBXNativeTarget "RoutineApp" */;
			buildPhases = (
				BF77B2362B98C04E0039B4F3 /* Sources */,
				BF77B2372B98C04E0039B4F3 /* Frameworks */,
				BF77B2382B98C04E0039B4F3 /* Resources */,
			);
			buildRules = (
			);
			dependencies = (
			);
			name = RoutineApp;
			productName = RoutineApp;
			productReference = BF77B23A2B98C04E0039B4F3 /* RoutineApp.app */;
			productType = "com.apple.product-type.application";
		};
/* End PBXNativeTarget section */

/* Begin PBXProject section */
		BF77B2322B98C04E0039B4F3 /* Project object */ = {
			isa = PBXProject;
			attributes = {
				BuildIndependentTargetsInParallel = 1;
				LastSwiftUpdateCheck = 1430;
				LastUpgradeCheck = 1430;
				TargetAttributes = {
					BF77B2392B98C04E0039B4F3 = {
						CreatedOnToolsVersion = 14.3.1;
					};
				};
			};
			buildConfigurationList = BF77B2352B98C04E0039B4F3 /* Build configuration list for PBXProject "RoutineApp" */;
			compatibilityVersion = "Xcode 14.0";
			developmentRegion = en;
			hasScannedForEncodings = 0;
			knownRegions = (
				en,
				Base,
			);
			mainGroup = BF77B2312B98C04E0039B4F3;
			productRefGroup = BF77B23B2B98C04E0039B4F3 /* Products */;
			projectDirPath = "";
			projectRoot = "";
			targets = (
				BF77B2392B98C04E0039B4F3 /* RoutineApp */,
			);
		};
/* End PBXProject section */

/* Begin PBXResourcesBuildPhase section */
		BF77B2382B98C04E0039B4F3 /* Resources */ = {
			isa = PBXResourcesBuildPhase;
			buildActionMask = 2147483647;
			files = (
				BF77B2452B98C04F0039B4F3 /* Preview Assets.xcassets in Resources */,
				BF77B2422B98C04F0039B4F3 /* Assets.xcassets in Resources */,
			);
			runOnlyForDeploymentPostprocessing = 0;
		};
/* End PBXResourcesBuildPhase section */

/* Begin PBXSourcesBuildPhase section */
		BF77B2362B98C04E0039B4F3 /* Sources */ = {
			isa = PBXSourcesBuildPhase;
			buildActionMask = 2147483647;
			files = (
				BF77B2542B98C3450039B4F3 /* SettingsView.swift in Sources */,
				BF77B2522B98C32E0039B4F3 /* StatsView.swift in Sources */,
				BF77B2562B98C3610039B4F3 /* Routines.swift in Sources */,
				BF77B2402B98C04E0039B4F3 /* RoutineView.swift in Sources */,
				BF77B2502B98C2EE0039B4F3 /* AddRoutineView.swift in Sources */,
				BF77B2582B98C3800039B4F3 /* RoutinesViewModel.swift in Sources */,
				BF77B23E2B98C04E0039B4F3 /* RoutineAppApp.swift in Sources */,
			);
			runOnlyForDeploymentPostprocessing = 0;
		};
/* End PBXSourcesBuildPhase section */

/* Begin XCBuildConfiguration section */
		BF77B2462B98C04F0039B4F3 /* Debug */ = {
			isa = XCBuildConfiguration;
			buildSettings = {
				ALWAYS_SEARCH_USER_PATHS = NO;
				CLANG_ANALYZER_NONNULL = YES;
				CLANG_ANALYZER_NUMBER_OBJECT_CONVERSION = YES_AGGRESSIVE;
				CLANG_CXX_LANGUAGE_STANDARD = "gnu++20";
				CLANG_ENABLE_MODULES = YES;
				CLANG_ENABLE_OBJC_ARC = YES;
				CLANG_ENABLE_OBJC_WEAK = YES;
				CLANG_WARN_BLOCK_CAPTURE_AUTORELEASING = YES;
				CLANG_WARN_BOOL_CONVERSION = YES;
				CLANG_WARN_COMMA = YES;
				CLANG_WARN_CONSTANT_CONVERSION = YES;
				CLANG_WARN_DEPRECATED_OBJC_IMPLEMENTATIONS = YES;
				CLANG_WARN_DIRECT_OBJC_ISA_USAGE = YES_ERROR;
				CLANG_WARN_DOCUMENTATION_COMMENTS = YES;
				CLANG_WARN_EMPTY_BODY = YES;
				CLANG_WARN_ENUM_CONVERSION = YES;
				CLANG_WARN_INFINITE_RECURSION = YES;
				CLANG_WARN_INT_CONVERSION = YES;
				CLANG_WARN_NON_LITERAL_NULL_CONVERSION = YES;
				CLANG_WARN_OBJC_IMPLICIT_RETAIN_SELF = YES;
				CLANG_WARN_OBJC_LITERAL_CONVERSION = YES;
				CLANG_WARN_OBJC_ROOT_CLASS = YES_ERROR;
				CLANG_WARN_QUOTED_INCLUDE_IN_FRAMEWORK_HEADER = YES;
				CLANG_WARN_RANGE_LOOP_ANALYSIS = YES;
				CLANG_WARN_STRICT_PROTOTYPES = YES;
				CLANG_WARN_SUSPICIOUS_MOVE = YES;
				CLANG_WARN_UNGUARDED_AVAILABILITY = YES_AGGRESSIVE;
				CLANG_WARN_UNREACHABLE_CODE = YES;
				CLANG_WARN__DUPLICATE_METHOD_MATCH = YES;
				COPY_PHASE_STRIP = NO;
				DEBUG_INFORMATION_FORMAT = dwarf;
				ENABLE_STRICT_OBJC_MSGSEND = YES;
				ENABLE_TESTABILITY = YES;
				GCC_C_LANGUAGE_STANDARD = gnu11;
				GCC_DYNAMIC_NO_PIC = NO;
				GCC_NO_COMMON_BLOCKS = YES;
				GCC_OPTIMIZATION_LEVEL = 0;
				GCC_PREPROCESSOR_DEFINITIONS = (
					"DEBUG=1",
					"$(inherited)",
				);
				GCC_WARN_64_TO_32_BIT_CONVERSION = YES;
				GCC_WARN_ABOUT_RETURN_TYPE = YES_ERROR;
				GCC_WARN_UNDECLARED_SELECTOR = YES;
				GCC_WARN_UNINITIALIZED_AUTOS = YES_AGGRESSIVE;
				GCC_WARN_UNUSED_FUNCTION = YES;
				GCC_WARN_UNUSED_VARIABLE = YES;
				IPHONEOS_DEPLOYMENT_TARGET = 16.4;
				MTL_ENABLE_DEBUG_INFO = INCLUDE_SOURCE;
				MTL_FAST_MATH = YES;
				ONLY_ACTIVE_ARCH = YES;
				SDKROOT = iphoneos;
				SWIFT_ACTIVE_COMPILATION_CONDITIONS = DEBUG;
				SWIFT_OPTIMIZATION_LEVEL = "-Onone";
			};
			name = Debug;
		};
		BF77B2472B98C04F0039B4F3 /* Release */ = {
			isa = XCBuildConfiguration;
			buildSettings = {
				ALWAYS_SEARCH_USER_PATHS = NO;
				CLANG_ANALYZER_NONNULL = YES;
				CLANG_ANALYZER_NUMBER_OBJECT_CONVERSION = YES_AGGRESSIVE;
				CLANG_CXX_LANGUAGE_STANDARD = "gnu++20";
				CLANG_ENABLE_MODULES = YES;
				CLANG_ENABLE_OBJC_ARC = YES;
				CLANG_ENABLE_OBJC_WEAK = YES;
				CLANG_WARN_BLOCK_CAPTURE_AUTORELEASING = YES;
				CLANG_WARN_BOOL_CONVERSION = YES;
				CLANG_WARN_COMMA = YES;
				CLANG_WARN_CONSTANT_CONVERSION = YES;
				CLANG_WARN_DEPRECATED_OBJC_IMPLEMENTATIONS = YES;
				CLANG_WARN_DIRECT_OBJC_ISA_USAGE = YES_ERROR;
				CLANG_WARN_DOCUMENTATION_COMMENTS = YES;
				CLANG_WARN_EMPTY_BODY = YES;
				CLANG_WARN_ENUM_CONVERSION = YES;
				CLANG_WARN_INFINITE_RECURSION = YES;
				CLANG_WARN_INT_CONVERSION = YES;
				CLANG_WARN_NON_LITERAL_NULL_CONVERSION = YES;
				CLANG_WARN_OBJC_IMPLICIT_RETAIN_SELF = YES;
				CLANG_WARN_OBJC_LITERAL_CONVERSION = YES;
				CLANG_WARN_OBJC_ROOT_CLASS = YES_ERROR;
				CLANG_WARN_QUOTED_INCLUDE_IN_FRAMEWORK_HEADER = YES;
				CLANG_WARN_RANGE_LOOP_ANALYSIS = YES;
				CLANG_WARN_STRICT_PROTOTYPES = YES;
				CLANG_WARN_SUSPICIOUS_MOVE = YES;
				CLANG_WARN_UNGUARDED_AVAILABILITY = YES_AGGRESSIVE;
				CLANG_WARN_UNREACHABLE_CODE = YES;
				CLANG_WARN__DUPLICATE_METHOD_MATCH = YES;
				COPY_PHASE_STRIP = NO;
				DEBUG_INFORMATION_FORMAT = "dwarf-with-dsym";
				ENABLE_NS_ASSERTIONS = NO;
				ENABLE_STRICT_OBJC_MSGSEND = YES;
				GCC_C_LANGUAGE_STANDARD = gnu11;
				GCC_NO_COMMON_BLOCKS = YES;
				GCC_WARN_64_TO_32_BIT_CONVERSION = YES;
				GCC_WARN_ABOUT_RETURN_TYPE = YES_ERROR;
				GCC_WARN_UNDECLARED_SELECTOR = YES;
				GCC_WARN_UNINITIALIZED_AUTOS = YES_AGGRESSIVE;
				GCC_WARN_UNUSED_FUNCTION = YES;
				GCC_WARN_UNUSED_VARIABLE = YES;
				IPHONEOS_DEPLOYMENT_TARGET = 16.4;
				MTL_ENABLE_DEBUG_INFO = NO;
				MTL_FAST_MATH = YES;
				SDKROOT = iphoneos;
				SWIFT_COMPILATION_MODE = wholemodule;
				SWIFT_OPTIMIZATION_LEVEL = "-O";
				VALIDATE_PRODUCT = YES;
			};
			name = Release;
		};
		BF77B2492B98C04F0039B4F3 /* Debug */ = {
			isa = XCBuildConfiguration;
			buildSettings = {
				ASSETCATALOG_COMPILER_APPICON_NAME = AppIcon;
				ASSETCATALOG_COMPILER_GLOBAL_ACCENT_COLOR_NAME = AccentColor;
				CODE_SIGN_STYLE = Automatic;
				CURRENT_PROJECT_VERSION = 1;
				DEVELOPMENT_ASSET_PATHS = "\"RoutineApp/Preview Content\"";
				ENABLE_PREVIEWS = YES;
				GENERATE_INFOPLIST_FILE = YES;
				INFOPLIST_KEY_UIApplicationSceneManifest_Generation = YES;
				INFOPLIST_KEY_UIApplicationSupportsIndirectInputEvents = YES;
				INFOPLIST_KEY_UILaunchScreen_Generation = YES;
				INFOPLIST_KEY_UISupportedInterfaceOrientations_iPad = "UIInterfaceOrientationPortrait UIInterfaceOrientationPortraitUpsideDown UIInterfaceOrientationLandscapeLeft UIInterfaceOrientationLandscapeRight";
				INFOPLIST_KEY_UISupportedInterfaceOrientations_iPhone = "UIInterfaceOrientationPortrait UIInterfaceOrientationLandscapeLeft UIInterfaceOrientationLandscapeRight";
				LD_RUNPATH_SEARCH_PATHS = (
					"$(inherited)",
					"@executable_path/Frameworks",
				);
				MARKETING_VERSION = 1.0;
				PRODUCT_BUNDLE_IDENTIFIER = fr.akeusch.RoutineApp;
				PRODUCT_NAME = "$(TARGET_NAME)";
				SWIFT_EMIT_LOC_STRINGS = YES;
				SWIFT_VERSION = 5.0;
				TARGETED_DEVICE_FAMILY = "1,2";
			};
			name = Debug;
		};
		BF77B24A2B98C04F0039B4F3 /* Release */ = {
			isa = XCBuildConfiguration;
			buildSettings = {
				ASSETCATALOG_COMPILER_APPICON_NAME = AppIcon;
				ASSETCATALOG_COMPILER_GLOBAL_ACCENT_COLOR_NAME = AccentColor;
				CODE_SIGN_STYLE = Automatic;
				CURRENT_PROJECT_VERSION = 1;
				DEVELOPMENT_ASSET_PATHS = "\"RoutineApp/Preview Content\"";
				ENABLE_PREVIEWS = YES;
				GENERATE_INFOPLIST_FILE = YES;
				INFOPLIST_KEY_UIApplicationSceneManifest_Generation = YES;
				INFOPLIST_KEY_UIApplicationSupportsIndirectInputEvents = YES;
				INFOPLIST_KEY_UILaunchScreen_Generation = YES;
				INFOPLIST_KEY_UISupportedInterfaceOrientations_iPad = "UIInterfaceOrientationPortrait UIInterfaceOrientationPortraitUpsideDown UIInterfaceOrientationLandscapeLeft UIInterfaceOrientationLandscapeRight";
				INFOPLIST_KEY_UISupportedInterfaceOrientations_iPhone = "UIInterfaceOrientationPortrait UIInterfaceOrientationLandscapeLeft UIInterfaceOrientationLandscapeRight";
				LD_RUNPATH_SEARCH_PATHS = (
					"$(inherited)",
					"@executable_path/Frameworks",
				);
				MARKETING_VERSION = 1.0;
				PRODUCT_BUNDLE_IDENTIFIER = fr.akeusch.RoutineApp;
				PRODUCT_NAME = "$(TARGET_NAME)";
				SWIFT_EMIT_LOC_STRINGS = YES;
				SWIFT_VERSION = 5.0;
				TARGETED_DEVICE_FAMILY = "1,2";
			};
			name = Release;
		};
/* End XCBuildConfiguration section */

/* Begin XCConfigurationList section */
		BF77B2352B98C04E0039B4F3 /* Build configuration list for PBXProject "RoutineApp" */ = {
			isa = XCConfigurationList;
			buildConfigurations = (
				BF77B2462B98C04F0039B4F3 /* Debug */,
				BF77B2472B98C04F0039B4F3 /* Release */,
			);
			defaultConfigurationIsVisible = 0;
			defaultConfigurationName = Release;
		};
		BF77B2482B98C04F0039B4F3 /* Build configuration list for PBXNativeTarget "RoutineApp" */ = {
			isa = XCConfigurationList;
			buildConfigurations = (
				BF77B2492B98C04F0039B4F3 /* Debug */,
				BF77B24A2B98C04F0039B4F3 /* Release */,
			);
			defaultConfigurationIsVisible = 0;
			defaultConfigurationName = Release;
		};
/* End XCConfigurationList section */
	};
	rootObject = BF77B2322B98C04E0039B4F3 /* Project object */;
}
